
Microsoft Visual Studio Solution File, Format Version 12.00
# Visual Studio Version 17
VisualStudioVersion = 17.7.34031.279
MinimumVisualStudioVersion = 10.0.40219.1
Project("{FAE04EC0-301F-11D3-BF4B-00C04F79EFBC}") = "QuanLyBanHangREShare", "QuanLyBanHangREShare\QuanLyBanHangREShare.csproj", "{FEED0F4C-E790-4EAC-94C2-1C0019F2667B}"
EndProject
Global
	GlobalSection(SolutionConfigurationPlatforms) = preSolution
		Debug|Any CPU = Debug|Any CPU
		Release|Any CPU = Release|Any CPU
	EndGlobalSection
	GlobalSection(ProjectConfigurationPlatforms) = postSolution
		{FEED0F4C-E790-4EAC-94C2-1C0019F2667B}.Debug|Any CPU.ActiveCfg = Debug|Any CPU
		{FEED0F4C-E790-4EAC-94C2-1C0019F2667B}.Debug|Any CPU.Build.0 = Debug|Any CPU
		{FEED0F4C-E790-4EAC-94C2-1C0019F2667B}.Release|Any CPU.ActiveCfg = Release|Any CPU
		{FEED0F4C-E790-4EAC-94C2-1C0019F2667B}.Release|Any CPU.Build.0 = Release|Any CPU
	EndGlobalSection
	GlobalSection(SolutionProperties) = preSolution
		HideSolutionNode = FALSE
	EndGlobalSection
	GlobalSection(ExtensibilityGlobals) = postSolution
		SolutionGuid = {E2E9A936-E7C5-4801-9D79-4734BC82C6BA}
	EndGlobalSection
EndGlobal
